
Microsoft Visual Studio Solution File, Format Version 12.00
# Visual Studio Version 17
VisualStudioVersion = 17.3.32901.215
MinimumVisualStudioVersion = 10.0.40219.1
Project("{FAE04EC0-301F-11D3-BF4B-00C04F79EFBC}") = "MedOrganization", "MedOrganization.csproj", "{C5BBA626-03F8-46B0-9AB5-AEE7F272941E}"
EndProject
Project("{FAE04EC0-301F-11D3-BF4B-00C04F79EFBC}") = "MedOrganization.Library", "..\MedOrganization.Library\MedOrganization.Library.csproj", "{F324FA0E-9D69-4272-9ECE-783F580F491F}"
EndProject
Global
	GlobalSection(SolutionConfigurationPlatforms) = preSolution
		Debug|Any CPU = Debug|Any CPU
		Release|Any CPU = Release|Any CPU
	EndGlobalSection
	GlobalSection(ProjectConfigurationPlatforms) = postSolution
		{C5BBA626-03F8-46B0-9AB5-AEE7F272941E}.Debug|Any CPU.ActiveCfg = Debug|Any CPU
		{C5BBA626-03F8-46B0-9AB5-AEE7F272941E}.Debug|Any CPU.Build.0 = Debug|Any CPU
		{C5BBA626-03F8-46B0-9AB5-AEE7F272941E}.Release|Any CPU.ActiveCfg = Release|Any CPU
		{C5BBA626-03F8-46B0-9AB5-AEE7F272941E}.Release|Any CPU.Build.0 = Release|Any CPU
		{F324FA0E-9D69-4272-9ECE-783F580F491F}.Debug|Any CPU.ActiveCfg = Debug|Any CPU
		{F324FA0E-9D69-4272-9ECE-783F580F491F}.Debug|Any CPU.Build.0 = Debug|Any CPU
		{F324FA0E-9D69-4272-9ECE-783F580F491F}.Release|Any CPU.ActiveCfg = Release|Any CPU
		{F324FA0E-9D69-4272-9ECE-783F580F491F}.Release|Any CPU.Build.0 = Release|Any CPU
	EndGlobalSection
	GlobalSection(SolutionProperties) = preSolution
		HideSolutionNode = FALSE
	EndGlobalSection
	GlobalSection(ExtensibilityGlobals) = postSolution
		SolutionGuid = {0D18443B-C76A-4748-85EB-997426B92314}
	EndGlobalSection
EndGlobal
