
Microsoft Visual Studio Solution File, Format Version 12.00
# Visual Studio Version 17
VisualStudioVersion = 17.0.32126.317
MinimumVisualStudioVersion = 10.0.40219.1
Project("{FAE04EC0-301F-11D3-BF4B-00C04F79EFBC}") = "MedOrganization.App", "MedOrganization.App.csproj", "{8932F1F5-D022-472C-8370-228207CAC6FC}"
EndProject
Project("{FAE04EC0-301F-11D3-BF4B-00C04F79EFBC}") = "MedOrganization_Lib", "..\MedOrganization_Lib\MedOrganization_Lib.csproj", "{E882072C-21A6-4981-AFEA-FF3AFC3E741C}"
EndProject
Global
	GlobalSection(SolutionConfigurationPlatforms) = preSolution
		Debug|Any CPU = Debug|Any CPU
		Release|Any CPU = Release|Any CPU
	EndGlobalSection
	GlobalSection(ProjectConfigurationPlatforms) = postSolution
		{8932F1F5-D022-472C-8370-228207CAC6FC}.Debug|Any CPU.ActiveCfg = Debug|Any CPU
		{8932F1F5-D022-472C-8370-228207CAC6FC}.Debug|Any CPU.Build.0 = Debug|Any CPU
		{8932F1F5-D022-472C-8370-228207CAC6FC}.Release|Any CPU.ActiveCfg = Release|Any CPU
		{8932F1F5-D022-472C-8370-228207CAC6FC}.Release|Any CPU.Build.0 = Release|Any CPU
		{E882072C-21A6-4981-AFEA-FF3AFC3E741C}.Debug|Any CPU.ActiveCfg = Debug|Any CPU
		{E882072C-21A6-4981-AFEA-FF3AFC3E741C}.Debug|Any CPU.Build.0 = Debug|Any CPU
		{E882072C-21A6-4981-AFEA-FF3AFC3E741C}.Release|Any CPU.ActiveCfg = Release|Any CPU
		{E882072C-21A6-4981-AFEA-FF3AFC3E741C}.Release|Any CPU.Build.0 = Release|Any CPU
	EndGlobalSection
	GlobalSection(SolutionProperties) = preSolution
		HideSolutionNode = FALSE
	EndGlobalSection
	GlobalSection(ExtensibilityGlobals) = postSolution
		SolutionGuid = {145C86A3-E374-4D56-866B-7E9C882D40C7}
	EndGlobalSection
EndGlobal
